
Microsoft Visual Studio Solution File, Format Version 12.00
# Visual Studio Version 17
VisualStudioVersion = 17.8.34330.188
MinimumVisualStudioVersion = 10.0.40219.1
Project("{FAE04EC0-301F-11D3-BF4B-00C04F79EFBC}") = "FirstRepo", "FirstRepo\FirstRepo.csproj", "{62E27147-B630-4D52-904C-15D959EFCDD3}"
EndProject
Project("{FAE04EC0-301F-11D3-BF4B-00C04F79EFBC}") = "Printing", "Printing\Printing.csproj", "{F89C3E5A-9733-43B9-BCFB-5D5372C5B069}"
EndProject
Project("{FAE04EC0-301F-11D3-BF4B-00C04F79EFBC}") = "DataTypes", "DataTypes\DataTypes.csproj", "{CEAE00DD-8DEF-4416-9EE2-CA56003FFAF5}"
EndProject
Project("{FAE04EC0-301F-11D3-BF4B-00C04F79EFBC}") = "DataStructuresInitial", "DataStructuresInitial\DataStructuresInitial.csproj", "{4C679F4B-A949-429E-A34F-6C0F1DE8BE91}"
EndProject
Project("{FAE04EC0-301F-11D3-BF4B-00C04F79EFBC}") = "ListMethods", "ListMethods\ListMethods.csproj", "{77D216F8-162C-4E74-85AD-9761FC2DDC07}"
EndProject
Global
	GlobalSection(SolutionConfigurationPlatforms) = preSolution
		Debug|Any CPU = Debug|Any CPU
		Release|Any CPU = Release|Any CPU
	EndGlobalSection
	GlobalSection(ProjectConfigurationPlatforms) = postSolution
		{62E27147-B630-4D52-904C-15D959EFCDD3}.Debug|Any CPU.ActiveCfg = Debug|Any CPU
		{62E27147-B630-4D52-904C-15D959EFCDD3}.Debug|Any CPU.Build.0 = Debug|Any CPU
		{62E27147-B630-4D52-904C-15D959EFCDD3}.Release|Any CPU.ActiveCfg = Release|Any CPU
		{62E27147-B630-4D52-904C-15D959EFCDD3}.Release|Any CPU.Build.0 = Release|Any CPU
		{F89C3E5A-9733-43B9-BCFB-5D5372C5B069}.Debug|Any CPU.ActiveCfg = Debug|Any CPU
		{F89C3E5A-9733-43B9-BCFB-5D5372C5B069}.Debug|Any CPU.Build.0 = Debug|Any CPU
		{F89C3E5A-9733-43B9-BCFB-5D5372C5B069}.Release|Any CPU.ActiveCfg = Release|Any CPU
		{F89C3E5A-9733-43B9-BCFB-5D5372C5B069}.Release|Any CPU.Build.0 = Release|Any CPU
		{CEAE00DD-8DEF-4416-9EE2-CA56003FFAF5}.Debug|Any CPU.ActiveCfg = Debug|Any CPU
		{CEAE00DD-8DEF-4416-9EE2-CA56003FFAF5}.Debug|Any CPU.Build.0 = Debug|Any CPU
		{CEAE00DD-8DEF-4416-9EE2-CA56003FFAF5}.Release|Any CPU.ActiveCfg = Release|Any CPU
		{CEAE00DD-8DEF-4416-9EE2-CA56003FFAF5}.Release|Any CPU.Build.0 = Release|Any CPU
		{4C679F4B-A949-429E-A34F-6C0F1DE8BE91}.Debug|Any CPU.ActiveCfg = Debug|Any CPU
		{4C679F4B-A949-429E-A34F-6C0F1DE8BE91}.Debug|Any CPU.Build.0 = Debug|Any CPU
		{4C679F4B-A949-429E-A34F-6C0F1DE8BE91}.Release|Any CPU.ActiveCfg = Release|Any CPU
		{4C679F4B-A949-429E-A34F-6C0F1DE8BE91}.Release|Any CPU.Build.0 = Release|Any CPU
		{77D216F8-162C-4E74-85AD-9761FC2DDC07}.Debug|Any CPU.ActiveCfg = Debug|Any CPU
		{77D216F8-162C-4E74-85AD-9761FC2DDC07}.Debug|Any CPU.Build.0 = Debug|Any CPU
		{77D216F8-162C-4E74-85AD-9761FC2DDC07}.Release|Any CPU.ActiveCfg = Release|Any CPU
		{77D216F8-162C-4E74-85AD-9761FC2DDC07}.Release|Any CPU.Build.0 = Release|Any CPU
	EndGlobalSection
	GlobalSection(SolutionProperties) = preSolution
		HideSolutionNode = FALSE
	EndGlobalSection
	GlobalSection(ExtensibilityGlobals) = postSolution
		SolutionGuid = {508F0B30-8711-4947-80D2-8C79017E5780}
	EndGlobalSection
EndGlobal
